# THIS IS AN AUTOGENERATED FILE. DO NOT EDIT THIS FILE DIRECTLY.
# yarn lockfile v1


ts-pattern@^3.3.1:
  version "3.3.1"
  resolved "https://registry.yarnpkg.com/ts-pattern/-/ts-pattern-3.3.1.tgz#cedd39ff9a5ffd7787de5b3008618bd0c50c62ef"
  integrity sha512-E1Au2Biw2j5T6D3WJ1HISJt/nBsrR+zoQYLEODI1JvWTkE7QY2K2wtYbiK9ZtxEFTZ8PnBqj7nbl2U/TzW2MtQ==
